
Microsoft Visual Studio Solution File, Format Version 12.00
# Visual Studio 2012
Project("{FAE04EC0-301F-11D3-BF4B-00C04F79EFBC}") = "LMS", "LMS\LMS.csproj", "{3D699C94-DEE2-4D11-BD26-A65B001977B1}"
EndProject
Global
	GlobalSection(SolutionConfigurationPlatforms) = preSolution
		Debug|Any CPU = Debug|Any CPU
		Release|Any CPU = Release|Any CPU
	EndGlobalSection
	GlobalSection(ProjectConfigurationPlatforms) = postSolution
		{3D699C94-DEE2-4D11-BD26-A65B001977B1}.Debug|Any CPU.ActiveCfg = Debug|Any CPU
		{3D699C94-DEE2-4D11-BD26-A65B001977B1}.Debug|Any CPU.Build.0 = Debug|Any CPU
		{3D699C94-DEE2-4D11-BD26-A65B001977B1}.Release|Any CPU.ActiveCfg = Release|Any CPU
		{3D699C94-DEE2-4D11-BD26-A65B001977B1}.Release|Any CPU.Build.0 = Release|Any CPU
	EndGlobalSection
EndGlobal
